
Microsoft Visual Studio Solution File, Format Version 12.00
# Visual Studio Version 16
VisualStudioVersion = 16.0.29123.88
MinimumVisualStudioVersion = 15.0.26124.0
Project("{9A19103F-16F7-4668-BE54-9A1E7A4F7556}") = "Zengo", "src\Zengo.csproj", "{C9CEBC25-27DE-4B18-B48D-BEC018AB97EC}"
EndProject
Project("{9A19103F-16F7-4668-BE54-9A1E7A4F7556}") = "Test", "test\Test.csproj", "{2ABAD5C4-4276-48B5-A313-0FA798DC8BAF}"
EndProject
Global
	GlobalSection(SolutionConfigurationPlatforms) = preSolution
		Debug|Any CPU = Debug|Any CPU
		Release|Any CPU = Release|Any CPU
	EndGlobalSection
	GlobalSection(ProjectConfigurationPlatforms) = postSolution
		{C9CEBC25-27DE-4B18-B48D-BEC018AB97EC}.Debug|Any CPU.ActiveCfg = Debug|Any CPU
		{C9CEBC25-27DE-4B18-B48D-BEC018AB97EC}.Debug|Any CPU.Build.0 = Debug|Any CPU
		{C9CEBC25-27DE-4B18-B48D-BEC018AB97EC}.Release|Any CPU.ActiveCfg = Release|Any CPU
		{C9CEBC25-27DE-4B18-B48D-BEC018AB97EC}.Release|Any CPU.Build.0 = Release|Any CPU
		{2ABAD5C4-4276-48B5-A313-0FA798DC8BAF}.Debug|Any CPU.ActiveCfg = Debug|Any CPU
		{2ABAD5C4-4276-48B5-A313-0FA798DC8BAF}.Debug|Any CPU.Build.0 = Debug|Any CPU
		{2ABAD5C4-4276-48B5-A313-0FA798DC8BAF}.Release|Any CPU.ActiveCfg = Release|Any CPU
		{2ABAD5C4-4276-48B5-A313-0FA798DC8BAF}.Release|Any CPU.Build.0 = Release|Any CPU
	EndGlobalSection
	GlobalSection(SolutionProperties) = preSolution
		HideSolutionNode = FALSE
	EndGlobalSection
	GlobalSection(ExtensibilityGlobals) = postSolution
		SolutionGuid = {4280F3A8-21FC-4B0D-929D-9E7F4B327BA8}
	EndGlobalSection
EndGlobal
