
Microsoft Visual Studio Solution File, Format Version 12.00
# Visual Studio Version 16
VisualStudioVersion = 16.0.29123.88
MinimumVisualStudioVersion = 10.0.40219.1
Project("{9A19103F-16F7-4668-BE54-9A1E7A4F7556}") = "Zengo", "Zengo\Zengo.csproj", "{1859C984-3877-44F4-AB19-3B30C4194D7C}"
EndProject
Project("{9A19103F-16F7-4668-BE54-9A1E7A4F7556}") = "Test", "Test\Test.csproj", "{4F19B1D2-32A2-4971-B00F-6281C6ACEB69}"
EndProject
Project("{FAE04EC0-301F-11D3-BF4B-00C04F79EFBC}") = "Zengo.Excel", "Zengo.Excel\Zengo.Excel.csproj", "{D6F60C5A-7487-4F06-8467-0C3B62812953}"
EndProject
Project("{FAE04EC0-301F-11D3-BF4B-00C04F79EFBC}") = "Zengo.Csv", "Zengo.Csv\Zengo.Csv.csproj", "{ECF486F7-316A-4674-911B-8F9F72CDDC9A}"
EndProject
Global
	GlobalSection(SolutionConfigurationPlatforms) = preSolution
		Debug|Any CPU = Debug|Any CPU
		Release|Any CPU = Release|Any CPU
	EndGlobalSection
	GlobalSection(ProjectConfigurationPlatforms) = postSolution
		{1859C984-3877-44F4-AB19-3B30C4194D7C}.Debug|Any CPU.ActiveCfg = Debug|Any CPU
		{1859C984-3877-44F4-AB19-3B30C4194D7C}.Debug|Any CPU.Build.0 = Debug|Any CPU
		{1859C984-3877-44F4-AB19-3B30C4194D7C}.Release|Any CPU.ActiveCfg = Release|Any CPU
		{1859C984-3877-44F4-AB19-3B30C4194D7C}.Release|Any CPU.Build.0 = Release|Any CPU
		{4F19B1D2-32A2-4971-B00F-6281C6ACEB69}.Debug|Any CPU.ActiveCfg = Debug|Any CPU
		{4F19B1D2-32A2-4971-B00F-6281C6ACEB69}.Debug|Any CPU.Build.0 = Debug|Any CPU
		{4F19B1D2-32A2-4971-B00F-6281C6ACEB69}.Release|Any CPU.ActiveCfg = Release|Any CPU
		{4F19B1D2-32A2-4971-B00F-6281C6ACEB69}.Release|Any CPU.Build.0 = Release|Any CPU
		{D6F60C5A-7487-4F06-8467-0C3B62812953}.Debug|Any CPU.ActiveCfg = Debug|Any CPU
		{D6F60C5A-7487-4F06-8467-0C3B62812953}.Debug|Any CPU.Build.0 = Debug|Any CPU
		{D6F60C5A-7487-4F06-8467-0C3B62812953}.Release|Any CPU.ActiveCfg = Release|Any CPU
		{D6F60C5A-7487-4F06-8467-0C3B62812953}.Release|Any CPU.Build.0 = Release|Any CPU
		{ECF486F7-316A-4674-911B-8F9F72CDDC9A}.Debug|Any CPU.ActiveCfg = Debug|Any CPU
		{ECF486F7-316A-4674-911B-8F9F72CDDC9A}.Debug|Any CPU.Build.0 = Debug|Any CPU
		{ECF486F7-316A-4674-911B-8F9F72CDDC9A}.Release|Any CPU.ActiveCfg = Release|Any CPU
		{ECF486F7-316A-4674-911B-8F9F72CDDC9A}.Release|Any CPU.Build.0 = Release|Any CPU
	EndGlobalSection
	GlobalSection(SolutionProperties) = preSolution
		HideSolutionNode = FALSE
	EndGlobalSection
	GlobalSection(ExtensibilityGlobals) = postSolution
		SolutionGuid = {9D6ECB59-E848-4729-A510-CE45D7BAD026}
	EndGlobalSection
EndGlobal
